<?xml version="1.0" encoding="utf-8"?>
<Project ToolsVersion="4.0" xmlns="http://schemas.microsoft.com/developer/msbuild/2003">
  <ItemGroup>
    <Filter Include="Quelldateien">
      <UniqueIdentifier>{4FC737F1-C7A5-4376-A066-2A32D752A2FF}</UniqueIdentifier>
      <Extensions>cpp;c;cc;cxx;def;odl;idl;hpj;bat;asm;asmx</Extensions>
    </Filter>
    <Filter Include="Headerdateien">
      <UniqueIdentifier>{93995380-89BD-4b04-88EB-625FBE52EBFB}</UniqueIdentifier>
      <Extensions>h;hpp;hxx;hm;inl;inc;xsd</Extensions>
    </Filter>
    <Filter Include="Ressourcendateien">
      <UniqueIdentifier>{67DA6AB6-F800-4c08-8B7A-83BB121AAD01}</UniqueIdentifier>
      <Extensions>rc;ico;cur;bmp;dlg;rc2;rct;bin;rgs;gif;jpg;jpeg;jpe;resx;tiff;tif;png;wav;mfcribbon-ms</Extensions>
    </Filter>
    <Filter Include="Headerdateien\Forest">
      <UniqueIdentifier>{a68c2741-161f-4a6f-994c-338107b56333}</UniqueIdentifier>
    </Filter>
    <Filter Include="Quelldateien\Forest">
      <UniqueIdentifier>{d5a5d7ad-2da5-49f5-8a36-e986093cb779}</UniqueIdentifier>
    </Filter>
    <Filter Include="Headerdateien\Player">
      <UniqueIdentifier>{0df06ef9-d2c9-4672-970b-5b72a3414d98}</UniqueIdentifier>
    </Filter>
    <Filter Include="Quelldateien\Player">
      <UniqueIdentifier>{27ea090f-577e-45e3-8399-2aac8ece9417}</UniqueIdentifier>
    </Filter>
    <Filter Include="Headerdateien\Forest\Geos">
      <UniqueIdentifier>{eb500532-ae58-4519-a3e2-8af45f8ce1a4}</UniqueIdentifier>
    </Filter>
    <Filter Include="Quelldateien\Forest\Geos">
      <UniqueIdentifier>{a53345c0-cb7c-40fc-9e94-3acaafd00b2d}</UniqueIdentifier>
    </Filter>
    <Filter Include="Headerdateien\Utils">
      <UniqueIdentifier>{527f7000-b806-4ba1-bccd-15bfcb5bc815}</UniqueIdentifier>
    </Filter>
    <Filter Include="Quelldateien\Utils">
      <UniqueIdentifier>{e2b92f9c-bb94-4def-acd6-5073fb765fc4}</UniqueIdentifier>
    </Filter>
  </ItemGroup>
  <ItemGroup>
    <ClInclude Include="Game.h">
      <Filter>Headerdateien</Filter>
    </ClInclude>
    <ClInclude Include="resource.h">
      <Filter>Headerdateien</Filter>
    </ClInclude>
    <ClInclude Include="targetver.h">
      <Filter>Headerdateien</Filter>
    </ClInclude>
    <ClInclude Include="Island.h">
      <Filter>Headerdateien</Filter>
    </ClInclude>
    <ClInclude Include="Forest\Forest.h">
      <Filter>Headerdateien\Forest</Filter>
    </ClInclude>
    <ClInclude Include="Forest\ForestCluster.h">
      <Filter>Headerdateien\Forest</Filter>
    </ClInclude>
    <ClInclude Include="Player\Butterfly.h">
      <Filter>Headerdateien\Player</Filter>
    </ClInclude>
    <ClInclude Include="Player\Player.h">
      <Filter>Headerdateien\Player</Filter>
    </ClInclude>
    <ClInclude Include="Player\Controller.h">
      <Filter>Headerdateien\Player</Filter>
    </ClInclude>
    <ClInclude Include="Player\KinematicPlacement.h">
      <Filter>Headerdateien\Player</Filter>
    </ClInclude>
    <ClInclude Include="Forest\Geos\CherryBlossomTree.h">
      <Filter>Headerdateien\Forest\Geos</Filter>
    </ClInclude>
    <ClInclude Include="Forest\Geos\GeoBioAsianTree.h">
      <Filter>Headerdateien\Forest\Geos</Filter>
    </ClInclude>
    <ClInclude Include="Forest\Geos\GeoBioPoppy.h">
      <Filter>Headerdateien\Forest\Geos</Filter>
    </ClInclude>
    <ClInclude Include="Forest\Geos\IPlantGeo.h">
      <Filter>Headerdateien\Forest\Geos</Filter>
    </ClInclude>
    <ClInclude Include="Forest\Geos\Nadelbaum.h">
      <Filter>Headerdateien\Forest\Geos</Filter>
    </ClInclude>
    <ClInclude Include="Forest\PlantPlacement.h">
      <Filter>Headerdateien\Forest</Filter>
    </ClInclude>
    <ClInclude Include="Collectable.h">
      <Filter>Headerdateien</Filter>
    </ClInclude>
    <ClInclude Include="Utils\PlacementUtils.h">
      <Filter>Headerdateien\Utils</Filter>
    </ClInclude>
    <ClInclude Include="Utils\ThreadPool.h">
      <Filter>Headerdateien\Utils</Filter>
    </ClInclude>
    <ClInclude Include="Forest\Geos\GeoBioJapanischerSchildfarn.h">
      <Filter>Headerdateien\Forest\Geos</Filter>
    </ClInclude>
  </ItemGroup>
  <ItemGroup>
    <ClCompile Include="Game.cpp">
      <Filter>Quelldateien</Filter>
    </ClCompile>
    <ClCompile Include="VektoriaApp.cpp">
      <Filter>Quelldateien</Filter>
    </ClCompile>
    <ClCompile Include="Island.cpp">
      <Filter>Quelldateien</Filter>
    </ClCompile>
    <ClCompile Include="Forest\Forest.cpp">
      <Filter>Quelldateien\Forest</Filter>
    </ClCompile>
    <ClCompile Include="Forest\ForestCluster.cpp">
      <Filter>Quelldateien\Forest</Filter>
    </ClCompile>
    <ClCompile Include="Player\Butterfly.cpp">
      <Filter>Quelldateien\Player</Filter>
    </ClCompile>
    <ClCompile Include="Player\Player.cpp">
      <Filter>Quelldateien\Player</Filter>
    </ClCompile>
    <ClCompile Include="Player\Controller.cpp">
      <Filter>Quelldateien\Player</Filter>
    </ClCompile>
    <ClCompile Include="Player\KinematicPlacement.cpp">
      <Filter>Quelldateien\Player</Filter>
    </ClCompile>
    <ClCompile Include="Forest\Geos\CherryBlossomTree.cpp">
      <Filter>Quelldateien\Forest\Geos</Filter>
    </ClCompile>
    <ClCompile Include="Forest\Geos\GeoBioAsianTree.cpp">
      <Filter>Quelldateien\Forest\Geos</Filter>
    </ClCompile>
    <ClCompile Include="Forest\Geos\GeoBioPoppy.cpp">
      <Filter>Quelldateien\Forest\Geos</Filter>
    </ClCompile>
    <ClCompile Include="Forest\Geos\Nadelbaum.cpp">
      <Filter>Quelldateien\Forest\Geos</Filter>
    </ClCompile>
    <ClCompile Include="Collectable.cpp">
      <Filter>Quelldateien</Filter>
    </ClCompile>
    <ClCompile Include="Utils\PlacementUtils.cpp">
      <Filter>Quelldateien\Utils</Filter>
    </ClCompile>
    <ClCompile Include="Forest\Geos\GeoBioJapanischerSchildfarn.cpp">
      <Filter>Quelldateien\Forest\Geos</Filter>
    </ClCompile>
  </ItemGroup>
  <ItemGroup>
    <None Include="res\VektoriaTest.ico">
      <Filter>Ressourcendateien</Filter>
    </None>
  </ItemGroup>
  <ItemGroup>
    <ResourceCompile Include="VektoriaApp.rc">
      <Filter>Ressourcendateien</Filter>
    </ResourceCompile>
  </ItemGroup>
</Project>